// !$*UTF8*$!
{
	archiveVersion = 1;
	classes = {
	};
	objectVersion = 55;
	objects = {

/* Begin PBXBuildFile section */
		ED3DEF8D2892FC5A00568293 /* AppDelegate.swift in Sources */ = {isa = PBXBuildFile; fileRef = ED3DEF8C2892FC5A00568293 /* AppDelegate.swift */; };
		ED3DEF8F2892FC5A00568293 /* SceneDelegate.swift in Sources */ = {isa = PBXBuildFile; fileRef = ED3DEF8E2892FC5A00568293 /* SceneDelegate.swift */; };
		ED3DEF912892FC5A00568293 /* ViewController.swift in Sources */ = {isa = PBXBuildFile; fileRef = ED3DEF902892FC5A00568293 /* ViewController.swift */; };
		ED3DEF962892FC5D00568293 /* Assets.xcassets in Resources */ = {isa = PBXBuildFile; fileRef = ED3DEF952892FC5D00568293 /* Assets.xcassets */; };
		ED3DEFA42892FC5E00568293 /* EventosTests.swift in Sources */ = {isa = PBXBuildFile; fileRef = ED3DEFA32892FC5E00568293 /* EventosTests.swift */; };
		ED3DEFAE2892FC5E00568293 /* EventosUITests.swift in Sources */ = {isa = PBXBuildFile; fileRef = ED3DEFAD2892FC5E00568293 /* EventosUITests.swift */; };
		ED3DEFB02892FC5E00568293 /* EventosUITestsLaunchTests.swift in Sources */ = {isa = PBXBuildFile; fileRef = ED3DEFAF2892FC5E00568293 /* EventosUITestsLaunchTests.swift */; };
/* End PBXBuildFile section */

/* Begin PBXContainerItemProxy section */
		ED3DEFA02892FC5E00568293 /* PBXContainerItemProxy */ = {
			isa = PBXContainerItemProxy;
			containerPortal = ED3DEF812892FC5A00568293 /* Project object */;
			proxyType = 1;
			remoteGlobalIDString = ED3DEF882892FC5A00568293;
			remoteInfo = Eventos;
		};
		ED3DEFAA2892FC5E00568293 /* PBXContainerItemProxy */ = {
			isa = PBXContainerItemProxy;
			containerPortal = ED3DEF812892FC5A00568293 /* Project object */;
			proxyType = 1;
			remoteGlobalIDString = ED3DEF882892FC5A00568293;
			remoteInfo = Eventos;
		};
/* End PBXContainerItemProxy section */

/* Begin PBXFileReference section */
		ED3DEF892892FC5A00568293 /* Eventos.app */ = {isa = PBXFileReference; explicitFileType = wrapper.application; includeInIndex = 0; path = Eventos.app; sourceTree = BUILT_PRODUCTS_DIR; };
		ED3DEF8C2892FC5A00568293 /* AppDelegate.swift */ = {isa = PBXFileReference; lastKnownFileType = sourcecode.swift; path = AppDelegate.swift; sourceTree = "<group>"; };
		ED3DEF8E2892FC5A00568293 /* SceneDelegate.swift */ = {isa = PBXFileReference; lastKnownFileType = sourcecode.swift; path = SceneDelegate.swift; sourceTree = "<group>"; };
		ED3DEF902892FC5A00568293 /* ViewController.swift */ = {isa = PBXFileReference; lastKnownFileType = sourcecode.swift; path = ViewController.swift; sourceTree = "<group>"; };
		ED3DEF952892FC5D00568293 /* Assets.xcassets */ = {isa = PBXFileReference; lastKnownFileType = folder.assetcatalog; path = Assets.xcassets; sourceTree = "<group>"; };
		ED3DEF9A2892FC5D00568293 /* Info.plist */ = {isa = PBXFileReference; lastKnownFileType = text.plist.xml; path = Info.plist; sourceTree = "<group>"; };
		ED3DEF9F2892FC5E00568293 /* EventosTests.xctest */ = {isa = PBXFileReference; explicitFileType = wrapper.cfbundle; includeInIndex = 0; path = EventosTests.xctest; sourceTree = BUILT_PRODUCTS_DIR; };
		ED3DEFA32892FC5E00568293 /* EventosTests.swift */ = {isa = PBXFileReference; lastKnownFileType = sourcecode.swift; path = EventosTests.swift; sourceTree = "<group>"; };
		ED3DEFA92892FC5E00568293 /* EventosUITests.xctest */ = {isa = PBXFileReference; explicitFileType = wrapper.cfbundle; includeInIndex = 0; path = EventosUITests.xctest; sourceTree = BUILT_PRODUCTS_DIR; };
		ED3DEFAD2892FC5E00568293 /* EventosUITests.swift */ = {isa = PBXFileReference; lastKnownFileType = sourcecode.swift; path = EventosUITests.swift; sourceTree = "<group>"; };
		ED3DEFAF2892FC5E00568293 /* EventosUITestsLaunchTests.swift */ = {isa = PBXFileReference; lastKnownFileType = sourcecode.swift; path = EventosUITestsLaunchTests.swift; sourceTree = "<group>"; };
/* End PBXFileReference section */

/* Begin PBXFrameworksBuildPhase section */
		ED3DEF862892FC5A00568293 /* Frameworks */ = {
			isa = PBXFrameworksBuildPhase;
			buildActionMask = 2147483647;
			files = (
			);
			runOnlyForDeploymentPostprocessing = 0;
		};
		ED3DEF9C2892FC5E00568293 /* Frameworks */ = {
			isa = PBXFrameworksBuildPhase;
			buildActionMask = 2147483647;
			files = (
			);
			runOnlyForDeploymentPostprocessing = 0;
		};
		ED3DEFA62892FC5E00568293 /* Frameworks */ = {
			isa = PBXFrameworksBuildPhase;
			buildActionMask = 2147483647;
			files = (
			);
			runOnlyForDeploymentPostprocessing = 0;
		};
/* End PBXFrameworksBuildPhase section */

/* Begin PBXGroup section */
		ED3DEF802892FC5A00568293 = {
			isa = PBXGroup;
			children = (
				ED3DEF8B2892FC5A00568293 /* Eventos */,
				ED3DEFA22892FC5E00568293 /* EventosTests */,
				ED3DEFAC2892FC5E00568293 /* EventosUITests */,
				ED3DEF8A2892FC5A00568293 /* Products */,
			);
			sourceTree = "<group>";
		};
		ED3DEF8A2892FC5A00568293 /* Products */ = {
			isa = PBXGroup;
			children = (
				ED3DEF892892FC5A00568293 /* Eventos.app */,
				ED3DEF9F2892FC5E00568293 /* EventosTests.xctest */,
				ED3DEFA92892FC5E00568293 /* EventosUITests.xctest */,
			);
			name = Products;
			sourceTree = "<group>";
		};
		ED3DEF8B2892FC5A00568293 /* Eventos */ = {
			isa = PBXGroup;
			children = (
				ED3DEF8C2892FC5A00568293 /* AppDelegate.swift */,
				ED3DEF8E2892FC5A00568293 /* SceneDelegate.swift */,
				ED3DEF902892FC5A00568293 /* ViewController.swift */,
				ED3DEF952892FC5D00568293 /* Assets.xcassets */,
				ED3DEF9A2892FC5D00568293 /* Info.plist */,
			);
			path = Eventos;
			sourceTree = "<group>";
		};
		ED3DEFA22892FC5E00568293 /* EventosTests */ = {
			isa = PBXGroup;
			children = (
				ED3DEFA32892FC5E00568293 /* EventosTests.swift */,
			);
			path = EventosTests;
			sourceTree = "<group>";
		};
		ED3DEFAC2892FC5E00568293 /* EventosUITests */ = {
			isa = PBXGroup;
			children = (
				ED3DEFAD2892FC5E00568293 /* EventosUITests.swift */,
				ED3DEFAF2892FC5E00568293 /* EventosUITestsLaunchTests.swift */,
			);
			path = EventosUITests;
			sourceTree = "<group>";
		};
/* End PBXGroup section */

/* Begin PBXNativeTarget section */
		ED3DEF882892FC5A00568293 /* Eventos */ = {
			isa = PBXNativeTarget;
			buildConfigurationList = ED3DEFB32892FC5E00568293 /* Build configuration list for PBXNativeTarget "Eventos" */;
			buildPhases = (
				ED3DEF852892FC5A00568293 /* Sources */,
				ED3DEF862892FC5A00568293 /* Frameworks */,
				ED3DEF872892FC5A00568293 /* Resources */,
			);
			buildRules = (
			);
			dependencies = (
			);
			name = Eventos;
			productName = Eventos;
			productReference = ED3DEF892892FC5A00568293 /* Eventos.app */;
			productType = "com.apple.product-type.application";
		};
		ED3DEF9E2892FC5E00568293 /* EventosTests */ = {
			isa = PBXNativeTarget;
			buildConfigurationList = ED3DEFB62892FC5E00568293 /* Build configuration list for PBXNativeTarget "EventosTests" */;
			buildPhases = (
				ED3DEF9B2892FC5E00568293 /* Sources */,
				ED3DEF9C2892FC5E00568293 /* Frameworks */,
				ED3DEF9D2892FC5E00568293 /* Resources */,
			);
			buildRules = (
			);
			dependencies = (
				ED3DEFA12892FC5E00568293 /* PBXTargetDependency */,
			);
			name = EventosTests;
			productName = EventosTests;
			productReference = ED3DEF9F2892FC5E00568293 /* EventosTests.xctest */;
			productType = "com.apple.product-type.bundle.unit-test";
		};
		ED3DEFA82892FC5E00568293 /* EventosUITests */ = {
			isa = PBXNativeTarget;
			buildConfigurationList = ED3DEFB92892FC5E00568293 /* Build configuration list for PBXNativeTarget "EventosUITests" */;
			buildPhases = (
				ED3DEFA52892FC5E00568293 /* Sources */,
				ED3DEFA62892FC5E00568293 /* Frameworks */,
				ED3DEFA72892FC5E00568293 /* Resources */,
			);
			buildRules = (
			);
			dependencies = (
				ED3DEFAB2892FC5E00568293 /* PBXTargetDependency */,
			);
			name = EventosUITests;
			productName = EventosUITests;
			productReference = ED3DEFA92892FC5E00568293 /* EventosUITests.xctest */;
			productType = "com.apple.product-type.bundle.ui-testing";
		};
/* End PBXNativeTarget section */

/* Begin PBXProject section */
		ED3DEF812892FC5A00568293 /* Project object */ = {
			isa = PBXProject;
			attributes = {
				BuildIndependentTargetsInParallel = 1;
				LastSwiftUpdateCheck = 1340;
				LastUpgradeCheck = 1340;
				TargetAttributes = {
					ED3DEF882892FC5A00568293 = {
						CreatedOnToolsVersion = 13.4.1;
					};
					ED3DEF9E2892FC5E00568293 = {
						CreatedOnToolsVersion = 13.4.1;
						TestTargetID = ED3DEF882892FC5A00568293;
					};
					ED3DEFA82892FC5E00568293 = {
						CreatedOnToolsVersion = 13.4.1;
						TestTargetID = ED3DEF882892FC5A00568293;
					};
				};
			};
			buildConfigurationList = ED3DEF842892FC5A00568293 /* Build configuration list for PBXProject "Eventos" */;
			compatibilityVersion = "Xcode 13.0";
			developmentRegion = en;
			hasScannedForEncodings = 0;
			knownRegions = (
				en,
				Base,
			);
			mainGroup = ED3DEF802892FC5A00568293;
			productRefGroup = ED3DEF8A2892FC5A00568293 /* Products */;
			projectDirPath = "";
			projectRoot = "";
			targets = (
				ED3DEF882892FC5A00568293 /* Eventos */,
				ED3DEF9E2892FC5E00568293 /* EventosTests */,
				ED3DEFA82892FC5E00568293 /* EventosUITests */,
			);
		};
/* End PBXProject section */

/* Begin PBXResourcesBuildPhase section */
		ED3DEF872892FC5A00568293 /* Resources */ = {
			isa = PBXResourcesBuildPhase;
			buildActionMask = 2147483647;
			files = (
				ED3DEF962892FC5D00568293 /* Assets.xcassets in Resources */,
			);
			runOnlyForDeploymentPostprocessing = 0;
		};
		ED3DEF9D2892FC5E00568293 /* Resources */ = {
			isa = PBXResourcesBuildPhase;
			buildActionMask = 2147483647;
			files = (
			);
			runOnlyForDeploymentPostprocessing = 0;
		};
		ED3DEFA72892FC5E00568293 /* Resources */ = {
			isa = PBXResourcesBuildPhase;
			buildActionMask = 2147483647;
			files = (
			);
			runOnlyForDeploymentPostprocessing = 0;
		};
/* End PBXResourcesBuildPhase section */

/* Begin PBXSourcesBuildPhase section */
		ED3DEF852892FC5A00568293 /* Sources */ = {
			isa = PBXSourcesBuildPhase;
			buildActionMask = 2147483647;
			files = (
				ED3DEF912892FC5A00568293 /* ViewController.swift in Sources */,
				ED3DEF8D2892FC5A00568293 /* AppDelegate.swift in Sources */,
				ED3DEF8F2892FC5A00568293 /* SceneDelegate.swift in Sources */,
			);
			runOnlyForDeploymentPostprocessing = 0;
		};
		ED3DEF9B2892FC5E00568293 /* Sources */ = {
			isa = PBXSourcesBuildPhase;
			buildActionMask = 2147483647;
			files = (
				ED3DEFA42892FC5E00568293 /* EventosTests.swift in Sources */,
			);
			runOnlyForDeploymentPostprocessing = 0;
		};
		ED3DEFA52892FC5E00568293 /* Sources */ = {
			isa = PBXSourcesBuildPhase;
			buildActionMask = 2147483647;
			files = (
				ED3DEFAE2892FC5E00568293 /* EventosUITests.swift in Sources */,
				ED3DEFB02892FC5E00568293 /* EventosUITestsLaunchTests.swift in Sources */,
			);
			runOnlyForDeploymentPostprocessing = 0;
		};
/* End PBXSourcesBuildPhase section */

/* Begin PBXTargetDependency section */
		ED3DEFA12892FC5E00568293 /* PBXTargetDependency */ = {
			isa = PBXTargetDependency;
			target = ED3DEF882892FC5A00568293 /* Eventos */;
			targetProxy = ED3DEFA02892FC5E00568293 /* PBXContainerItemProxy */;
		};
		ED3DEFAB2892FC5E00568293 /* PBXTargetDependency */ = {
			isa = PBXTargetDependency;
			target = ED3DEF882892FC5A00568293 /* Eventos */;
			targetProxy = ED3DEFAA2892FC5E00568293 /* PBXContainerItemProxy */;
		};
/* End PBXTargetDependency section */

/* Begin XCBuildConfiguration section */
		ED3DEFB12892FC5E00568293 /* Debug */ = {
			isa = XCBuildConfiguration;
			buildSettings = {
				ALWAYS_SEARCH_USER_PATHS = NO;
				CLANG_ANALYZER_NONNULL = YES;
				CLANG_ANALYZER_NUMBER_OBJECT_CONVERSION = YES_AGGRESSIVE;
				CLANG_CXX_LANGUAGE_STANDARD = "gnu++17";
				CLANG_ENABLE_MODULES = YES;
				CLANG_ENABLE_OBJC_ARC = YES;
				CLANG_ENABLE_OBJC_WEAK = YES;
				CLANG_WARN_BLOCK_CAPTURE_AUTORELEASING = YES;
				CLANG_WARN_BOOL_CONVERSION = YES;
				CLANG_WARN_COMMA = YES;
				CLANG_WARN_CONSTANT_CONVERSION = YES;
				CLANG_WARN_DEPRECATED_OBJC_IMPLEMENTATIONS = YES;
				CLANG_WARN_DIRECT_OBJC_ISA_USAGE = YES_ERROR;
				CLANG_WARN_DOCUMENTATION_COMMENTS = YES;
				CLANG_WARN_EMPTY_BODY = YES;
				CLANG_WARN_ENUM_CONVERSION = YES;
				CLANG_WARN_INFINITE_RECURSION = YES;
				CLANG_WARN_INT_CONVERSION = YES;
				CLANG_WARN_NON_LITERAL_NULL_CONVERSION = YES;
				CLANG_WARN_OBJC_IMPLICIT_RETAIN_SELF = YES;
				CLANG_WARN_OBJC_LITERAL_CONVERSION = YES;
				CLANG_WARN_OBJC_ROOT_CLASS = YES_ERROR;
				CLANG_WARN_QUOTED_INCLUDE_IN_FRAMEWORK_HEADER = YES;
				CLANG_WARN_RANGE_LOOP_ANALYSIS = YES;
				CLANG_WARN_STRICT_PROTOTYPES = YES;
				CLANG_WARN_SUSPICIOUS_MOVE = YES;
				CLANG_WARN_UNGUARDED_AVAILABILITY = YES_AGGRESSIVE;
				CLANG_WARN_UNREACHABLE_CODE = YES;
				CLANG_WARN__DUPLICATE_METHOD_MATCH = YES;
				COPY_PHASE_STRIP = NO;
				DEBUG_INFORMATION_FORMAT = dwarf;
				ENABLE_STRICT_OBJC_MSGSEND = YES;
				ENABLE_TESTABILITY = YES;
				GCC_C_LANGUAGE_STANDARD = gnu11;
				GCC_DYNAMIC_NO_PIC = NO;
				GCC_NO_COMMON_BLOCKS = YES;
				GCC_OPTIMIZATION_LEVEL = 0;
				GCC_PREPROCESSOR_DEFINITIONS = (
					"DEBUG=1",
					"$(inherited)",
				);
				GCC_WARN_64_TO_32_BIT_CONVERSION = YES;
				GCC_WARN_ABOUT_RETURN_TYPE = YES_ERROR;
				GCC_WARN_UNDECLARED_SELECTOR = YES;
				GCC_WARN_UNINITIALIZED_AUTOS = YES_AGGRESSIVE;
				GCC_WARN_UNUSED_FUNCTION = YES;
				GCC_WARN_UNUSED_VARIABLE = YES;
				IPHONEOS_DEPLOYMENT_TARGET = 15.5;
				MTL_ENABLE_DEBUG_INFO = INCLUDE_SOURCE;
				MTL_FAST_MATH = YES;
				ONLY_ACTIVE_ARCH = YES;
				SDKROOT = iphoneos;
				SWIFT_ACTIVE_COMPILATION_CONDITIONS = DEBUG;
				SWIFT_OPTIMIZATION_LEVEL = "-Onone";
			};
			name = Debug;
		};
		ED3DEFB22892FC5E00568293 /* Release */ = {
			isa = XCBuildConfiguration;
			buildSettings = {
				ALWAYS_SEARCH_USER_PATHS = NO;
				CLANG_ANALYZER_NONNULL = YES;
				CLANG_ANALYZER_NUMBER_OBJECT_CONVERSION = YES_AGGRESSIVE;
				CLANG_CXX_LANGUAGE_STANDARD = "gnu++17";
				CLANG_ENABLE_MODULES = YES;
				CLANG_ENABLE_OBJC_ARC = YES;
				CLANG_ENABLE_OBJC_WEAK = YES;
				CLANG_WARN_BLOCK_CAPTURE_AUTORELEASING = YES;
				CLANG_WARN_BOOL_CONVERSION = YES;
				CLANG_WARN_COMMA = YES;
				CLANG_WARN_CONSTANT_CONVERSION = YES;
				CLANG_WARN_DEPRECATED_OBJC_IMPLEMENTATIONS = YES;
				CLANG_WARN_DIRECT_OBJC_ISA_USAGE = YES_ERROR;
				CLANG_WARN_DOCUMENTATION_COMMENTS = YES;
				CLANG_WARN_EMPTY_BODY = YES;
				CLANG_WARN_ENUM_CONVERSION = YES;
				CLANG_WARN_INFINITE_RECURSION = YES;
				CLANG_WARN_INT_CONVERSION = YES;
				CLANG_WARN_NON_LITERAL_NULL_CONVERSION = YES;
				CLANG_WARN_OBJC_IMPLICIT_RETAIN_SELF = YES;
				CLANG_WARN_OBJC_LITERAL_CONVERSION = YES;
				CLANG_WARN_OBJC_ROOT_CLASS = YES_ERROR;
				CLANG_WARN_QUOTED_INCLUDE_IN_FRAMEWORK_HEADER = YES;
				CLANG_WARN_RANGE_LOOP_ANALYSIS = YES;
				CLANG_WARN_STRICT_PROTOTYPES = YES;
				CLANG_WARN_SUSPICIOUS_MOVE = YES;
				CLANG_WARN_UNGUARDED_AVAILABILITY = YES_AGGRESSIVE;
				CLANG_WARN_UNREACHABLE_CODE = YES;
				CLANG_WARN__DUPLICATE_METHOD_MATCH = YES;
				COPY_PHASE_STRIP = NO;
				DEBUG_INFORMATION_FORMAT = "dwarf-with-dsym";
				ENABLE_NS_ASSERTIONS = NO;
				ENABLE_STRICT_OBJC_MSGSEND = YES;
				GCC_C_LANGUAGE_STANDARD = gnu11;
				GCC_NO_COMMON_BLOCKS = YES;
				GCC_WARN_64_TO_32_BIT_CONVERSION = YES;
				GCC_WARN_ABOUT_RETURN_TYPE = YES_ERROR;
				GCC_WARN_UNDECLARED_SELECTOR = YES;
				GCC_WARN_UNINITIALIZED_AUTOS = YES_AGGRESSIVE;
				GCC_WARN_UNUSED_FUNCTION = YES;
				GCC_WARN_UNUSED_VARIABLE = YES;
				IPHONEOS_DEPLOYMENT_TARGET = 15.5;
				MTL_ENABLE_DEBUG_INFO = NO;
				MTL_FAST_MATH = YES;
				SDKROOT = iphoneos;
				SWIFT_COMPILATION_MODE = wholemodule;
				SWIFT_OPTIMIZATION_LEVEL = "-O";
				VALIDATE_PRODUCT = YES;
			};
			name = Release;
		};
		ED3DEFB42892FC5E00568293 /* Debug */ = {
			isa = XCBuildConfiguration;
			buildSettings = {
				ASSETCATALOG_COMPILER_APPICON_NAME = AppIcon;
				ASSETCATALOG_COMPILER_GLOBAL_ACCENT_COLOR_NAME = AccentColor;
				CODE_SIGN_STYLE = Automatic;
				CURRENT_PROJECT_VERSION = 1;
				GENERATE_INFOPLIST_FILE = YES;
				INFOPLIST_FILE = Eventos/Info.plist;
				INFOPLIST_KEY_UIApplicationSupportsIndirectInputEvents = YES;
				INFOPLIST_KEY_UILaunchStoryboardName = LaunchScreen;
				INFOPLIST_KEY_UISupportedInterfaceOrientations_iPad = "UIInterfaceOrientationPortrait UIInterfaceOrientationPortraitUpsideDown UIInterfaceOrientationLandscapeLeft UIInterfaceOrientationLandscapeRight";
				INFOPLIST_KEY_UISupportedInterfaceOrientations_iPhone = "UIInterfaceOrientationPortrait UIInterfaceOrientationLandscapeLeft UIInterfaceOrientationLandscapeRight";
				LD_RUNPATH_SEARCH_PATHS = (
					"$(inherited)",
					"@executable_path/Frameworks",
				);
				MARKETING_VERSION = 1.0;
				PRODUCT_BUNDLE_IDENTIFIER = br.com.southsystem.Eventos;
				PRODUCT_NAME = "$(TARGET_NAME)";
				SWIFT_EMIT_LOC_STRINGS = YES;
				SWIFT_VERSION = 5.0;
				TARGETED_DEVICE_FAMILY = "1,2";
			};
			name = Debug;
		};
		ED3DEFB52892FC5E00568293 /* Release */ = {
			isa = XCBuildConfiguration;
			buildSettings = {
				ASSETCATALOG_COMPILER_APPICON_NAME = AppIcon;
				ASSETCATALOG_COMPILER_GLOBAL_ACCENT_COLOR_NAME = AccentColor;
				CODE_SIGN_STYLE = Automatic;
				CURRENT_PROJECT_VERSION = 1;
				GENERATE_INFOPLIST_FILE = YES;
				INFOPLIST_FILE = Eventos/Info.plist;
				INFOPLIST_KEY_UIApplicationSupportsIndirectInputEvents = YES;
				INFOPLIST_KEY_UILaunchStoryboardName = LaunchScreen;
				INFOPLIST_KEY_UISupportedInterfaceOrientations_iPad = "UIInterfaceOrientationPortrait UIInterfaceOrientationPortraitUpsideDown UIInterfaceOrientationLandscapeLeft UIInterfaceOrientationLandscapeRight";
				INFOPLIST_KEY_UISupportedInterfaceOrientations_iPhone = "UIInterfaceOrientationPortrait UIInterfaceOrientationLandscapeLeft UIInterfaceOrientationLandscapeRight";
				LD_RUNPATH_SEARCH_PATHS = (
					"$(inherited)",
					"@executable_path/Frameworks",
				);
				MARKETING_VERSION = 1.0;
				PRODUCT_BUNDLE_IDENTIFIER = br.com.southsystem.Eventos;
				PRODUCT_NAME = "$(TARGET_NAME)";
				SWIFT_EMIT_LOC_STRINGS = YES;
				SWIFT_VERSION = 5.0;
				TARGETED_DEVICE_FAMILY = "1,2";
			};
			name = Release;
		};
		ED3DEFB72892FC5E00568293 /* Debug */ = {
			isa = XCBuildConfiguration;
			buildSettings = {
				ALWAYS_EMBED_SWIFT_STANDARD_LIBRARIES = YES;
				BUNDLE_LOADER = "$(TEST_HOST)";
				CODE_SIGN_STYLE = Automatic;
				CURRENT_PROJECT_VERSION = 1;
				GENERATE_INFOPLIST_FILE = YES;
				IPHONEOS_DEPLOYMENT_TARGET = 15.5;
				MARKETING_VERSION = 1.0;
				PRODUCT_BUNDLE_IDENTIFIER = br.com.southsystem.EventosTests;
				PRODUCT_NAME = "$(TARGET_NAME)";
				SWIFT_EMIT_LOC_STRINGS = NO;
				SWIFT_VERSION = 5.0;
				TARGETED_DEVICE_FAMILY = "1,2";
				TEST_HOST = "$(BUILT_PRODUCTS_DIR)/Eventos.app/Eventos";
			};
			name = Debug;
		};
		ED3DEFB82892FC5E00568293 /* Release */ = {
			isa = XCBuildConfiguration;
			buildSettings = {
				ALWAYS_EMBED_SWIFT_STANDARD_LIBRARIES = YES;
				BUNDLE_LOADER = "$(TEST_HOST)";
				CODE_SIGN_STYLE = Automatic;
				CURRENT_PROJECT_VERSION = 1;
				GENERATE_INFOPLIST_FILE = YES;
				IPHONEOS_DEPLOYMENT_TARGET = 15.5;
				MARKETING_VERSION = 1.0;
				PRODUCT_BUNDLE_IDENTIFIER = br.com.southsystem.EventosTests;
				PRODUCT_NAME = "$(TARGET_NAME)";
				SWIFT_EMIT_LOC_STRINGS = NO;
				SWIFT_VERSION = 5.0;
				TARGETED_DEVICE_FAMILY = "1,2";
				TEST_HOST = "$(BUILT_PRODUCTS_DIR)/Eventos.app/Eventos";
			};
			name = Release;
		};
		ED3DEFBA2892FC5E00568293 /* Debug */ = {
			isa = XCBuildConfiguration;
			buildSettings = {
				ALWAYS_EMBED_SWIFT_STANDARD_LIBRARIES = YES;
				CODE_SIGN_STYLE = Automatic;
				CURRENT_PROJECT_VERSION = 1;
				GENERATE_INFOPLIST_FILE = YES;
				MARKETING_VERSION = 1.0;
				PRODUCT_BUNDLE_IDENTIFIER = br.com.southsystem.EventosUITests;
				PRODUCT_NAME = "$(TARGET_NAME)";
				SWIFT_EMIT_LOC_STRINGS = NO;
				SWIFT_VERSION = 5.0;
				TARGETED_DEVICE_FAMILY = "1,2";
				TEST_TARGET_NAME = Eventos;
			};
			name = Debug;
		};
		ED3DEFBB2892FC5E00568293 /* Release */ = {
			isa = XCBuildConfiguration;
			buildSettings = {
				ALWAYS_EMBED_SWIFT_STANDARD_LIBRARIES = YES;
				CODE_SIGN_STYLE = Automatic;
				CURRENT_PROJECT_VERSION = 1;
				GENERATE_INFOPLIST_FILE = YES;
				MARKETING_VERSION = 1.0;
				PRODUCT_BUNDLE_IDENTIFIER = br.com.southsystem.EventosUITests;
				PRODUCT_NAME = "$(TARGET_NAME)";
				SWIFT_EMIT_LOC_STRINGS = NO;
				SWIFT_VERSION = 5.0;
				TARGETED_DEVICE_FAMILY = "1,2";
				TEST_TARGET_NAME = Eventos;
			};
			name = Release;
		};
/* End XCBuildConfiguration section */

/* Begin XCConfigurationList section */
		ED3DEF842892FC5A00568293 /* Build configuration list for PBXProject "Eventos" */ = {
			isa = XCConfigurationList;
			buildConfigurations = (
				ED3DEFB12892FC5E00568293 /* Debug */,
				ED3DEFB22892FC5E00568293 /* Release */,
			);
			defaultConfigurationIsVisible = 0;
			defaultConfigurationName = Release;
		};
		ED3DEFB32892FC5E00568293 /* Build configuration list for PBXNativeTarget "Eventos" */ = {
			isa = XCConfigurationList;
			buildConfigurations = (
				ED3DEFB42892FC5E00568293 /* Debug */,
				ED3DEFB52892FC5E00568293 /* Release */,
			);
			defaultConfigurationIsVisible = 0;
			defaultConfigurationName = Release;
		};
		ED3DEFB62892FC5E00568293 /* Build configuration list for PBXNativeTarget "EventosTests" */ = {
			isa = XCConfigurationList;
			buildConfigurations = (
				ED3DEFB72892FC5E00568293 /* Debug */,
				ED3DEFB82892FC5E00568293 /* Release */,
			);
			defaultConfigurationIsVisible = 0;
			defaultConfigurationName = Release;
		};
		ED3DEFB92892FC5E00568293 /* Build configuration list for PBXNativeTarget "EventosUITests" */ = {
			isa = XCConfigurationList;
			buildConfigurations = (
				ED3DEFBA2892FC5E00568293 /* Debug */,
				ED3DEFBB2892FC5E00568293 /* Release */,
			);
			defaultConfigurationIsVisible = 0;
			defaultConfigurationName = Release;
		};
/* End XCConfigurationList section */
	};
	rootObject = ED3DEF812892FC5A00568293 /* Project object */;
}
