PODS:
  - IQKeyboardManagerSwift (6.3.0)
  - Kingfisher (7.3.0)
  - ToastViewSwift (1.1.0)

DEPENDENCIES:
  - IQKeyboardManagerSwift (= 6.3.0)
  - Kingfisher (~> 7.3.0)
  - ToastViewSwift

SPEC REPOS:
  trunk:
    - IQKeyboardManagerSwift
    - Kingfisher
    - ToastViewSwift

SPEC CHECKSUMS:
  IQKeyboardManagerSwift: a8228c257614af98743b4cd8584637025f36358f
  Kingfisher: cdb1189a9223b1bc028816bd47c8b8101a58831c
  ToastViewSwift: 8fc7b518fdd834daf4b8009d09435a3fb1d8df46

PODFILE CHECKSUM: 0ac21dc7412e9f32a9e3037f7bca576b74d536f0

COCOAPODS: 1.11.3
